
Microsoft Visual Studio Solution File, Format Version 12.00
# Visual Studio Version 17
VisualStudioVersion = 17.0.31903.59
MinimumVisualStudioVersion = 10.0.40219.1
Project("{2150E333-8FDC-42A3-9474-1A3956D46DE8}") = "src", "src", "{827E0CD3-B72D-47B6-A68D-7590B98EB39B}"
EndProject
Project("{2150E333-8FDC-42A3-9474-1A3956D46DE8}") = "Core", "Core", "{8D626EA8-CB54-BC41-363A-217881BEBA6E}"
EndProject
Project("{FAE04EC0-301F-11D3-BF4B-00C04F79EFBC}") = "Domain", "src\Core\Domain\Domain.csproj", "{C2B71955-0112-4EE4-AEBC-55CEBDCDAA94}"
EndProject
Project("{FAE04EC0-301F-11D3-BF4B-00C04F79EFBC}") = "Application", "src\Core\Application\Application.csproj", "{810398BA-2A25-4503-8287-34B4BC53D794}"
EndProject
Project("{FAE04EC0-301F-11D3-BF4B-00C04F79EFBC}") = "Infrastructure", "src\Infrastructure\Infrastructure.csproj", "{02904053-A833-4D76-BE1A-A7C722C4A1AD}"
EndProject
Project("{FAE04EC0-301F-11D3-BF4B-00C04F79EFBC}") = "Shared", "src\Shared\Shared.csproj", "{40F72C7F-A20A-42EB-9484-2AF2C234DA2D}"
EndProject
Project("{FAE04EC0-301F-11D3-BF4B-00C04F79EFBC}") = "Host", "src\Host\Host.csproj", "{B4623311-937A-43AA-88E2-1EEC32ED261A}"
EndProject
Project("{2150E333-8FDC-42A3-9474-1A3956D46DE8}") = "tests", "tests", "{0AB3BF05-4346-4AA6-1389-037BE0695223}"
EndProject
Project("{FAE04EC0-301F-11D3-BF4B-00C04F79EFBC}") = "Tests", "tests\Tests.csproj", "{CD6D5EBF-7141-4EE9-9772-C122A8CE966F}"
EndProject
Global
	GlobalSection(SolutionConfigurationPlatforms) = preSolution
		Debug|Any CPU = Debug|Any CPU
		Debug|x64 = Debug|x64
		Debug|x86 = Debug|x86
		Release|Any CPU = Release|Any CPU
		Release|x64 = Release|x64
		Release|x86 = Release|x86
	EndGlobalSection
	GlobalSection(ProjectConfigurationPlatforms) = postSolution
		{C2B71955-0112-4EE4-AEBC-55CEBDCDAA94}.Debug|Any CPU.ActiveCfg = Debug|Any CPU
		{C2B71955-0112-4EE4-AEBC-55CEBDCDAA94}.Debug|Any CPU.Build.0 = Debug|Any CPU
		{C2B71955-0112-4EE4-AEBC-55CEBDCDAA94}.Debug|x64.ActiveCfg = Debug|Any CPU
		{C2B71955-0112-4EE4-AEBC-55CEBDCDAA94}.Debug|x64.Build.0 = Debug|Any CPU
		{C2B71955-0112-4EE4-AEBC-55CEBDCDAA94}.Debug|x86.ActiveCfg = Debug|Any CPU
		{C2B71955-0112-4EE4-AEBC-55CEBDCDAA94}.Debug|x86.Build.0 = Debug|Any CPU
		{C2B71955-0112-4EE4-AEBC-55CEBDCDAA94}.Release|Any CPU.ActiveCfg = Release|Any CPU
		{C2B71955-0112-4EE4-AEBC-55CEBDCDAA94}.Release|Any CPU.Build.0 = Release|Any CPU
		{C2B71955-0112-4EE4-AEBC-55CEBDCDAA94}.Release|x64.ActiveCfg = Release|Any CPU
		{C2B71955-0112-4EE4-AEBC-55CEBDCDAA94}.Release|x64.Build.0 = Release|Any CPU
		{C2B71955-0112-4EE4-AEBC-55CEBDCDAA94}.Release|x86.ActiveCfg = Release|Any CPU
		{C2B71955-0112-4EE4-AEBC-55CEBDCDAA94}.Release|x86.Build.0 = Release|Any CPU
		{810398BA-2A25-4503-8287-34B4BC53D794}.Debug|Any CPU.ActiveCfg = Debug|Any CPU
		{810398BA-2A25-4503-8287-34B4BC53D794}.Debug|Any CPU.Build.0 = Debug|Any CPU
		{810398BA-2A25-4503-8287-34B4BC53D794}.Debug|x64.ActiveCfg = Debug|Any CPU
		{810398BA-2A25-4503-8287-34B4BC53D794}.Debug|x64.Build.0 = Debug|Any CPU
		{810398BA-2A25-4503-8287-34B4BC53D794}.Debug|x86.ActiveCfg = Debug|Any CPU
		{810398BA-2A25-4503-8287-34B4BC53D794}.Debug|x86.Build.0 = Debug|Any CPU
		{810398BA-2A25-4503-8287-34B4BC53D794}.Release|Any CPU.ActiveCfg = Release|Any CPU
		{810398BA-2A25-4503-8287-34B4BC53D794}.Release|Any CPU.Build.0 = Release|Any CPU
		{810398BA-2A25-4503-8287-34B4BC53D794}.Release|x64.ActiveCfg = Release|Any CPU
		{810398BA-2A25-4503-8287-34B4BC53D794}.Release|x64.Build.0 = Release|Any CPU
		{810398BA-2A25-4503-8287-34B4BC53D794}.Release|x86.ActiveCfg = Release|Any CPU
		{810398BA-2A25-4503-8287-34B4BC53D794}.Release|x86.Build.0 = Release|Any CPU
		{02904053-A833-4D76-BE1A-A7C722C4A1AD}.Debug|Any CPU.ActiveCfg = Debug|Any CPU
		{02904053-A833-4D76-BE1A-A7C722C4A1AD}.Debug|Any CPU.Build.0 = Debug|Any CPU
		{02904053-A833-4D76-BE1A-A7C722C4A1AD}.Debug|x64.ActiveCfg = Debug|Any CPU
		{02904053-A833-4D76-BE1A-A7C722C4A1AD}.Debug|x64.Build.0 = Debug|Any CPU
		{02904053-A833-4D76-BE1A-A7C722C4A1AD}.Debug|x86.ActiveCfg = Debug|Any CPU
		{02904053-A833-4D76-BE1A-A7C722C4A1AD}.Debug|x86.Build.0 = Debug|Any CPU
		{02904053-A833-4D76-BE1A-A7C722C4A1AD}.Release|Any CPU.ActiveCfg = Release|Any CPU
		{02904053-A833-4D76-BE1A-A7C722C4A1AD}.Release|Any CPU.Build.0 = Release|Any CPU
		{02904053-A833-4D76-BE1A-A7C722C4A1AD}.Release|x64.ActiveCfg = Release|Any CPU
		{02904053-A833-4D76-BE1A-A7C722C4A1AD}.Release|x64.Build.0 = Release|Any CPU
		{02904053-A833-4D76-BE1A-A7C722C4A1AD}.Release|x86.ActiveCfg = Release|Any CPU
		{02904053-A833-4D76-BE1A-A7C722C4A1AD}.Release|x86.Build.0 = Release|Any CPU
		{40F72C7F-A20A-42EB-9484-2AF2C234DA2D}.Debug|Any CPU.ActiveCfg = Debug|Any CPU
		{40F72C7F-A20A-42EB-9484-2AF2C234DA2D}.Debug|Any CPU.Build.0 = Debug|Any CPU
		{40F72C7F-A20A-42EB-9484-2AF2C234DA2D}.Debug|x64.ActiveCfg = Debug|Any CPU
		{40F72C7F-A20A-42EB-9484-2AF2C234DA2D}.Debug|x64.Build.0 = Debug|Any CPU
		{40F72C7F-A20A-42EB-9484-2AF2C234DA2D}.Debug|x86.ActiveCfg = Debug|Any CPU
		{40F72C7F-A20A-42EB-9484-2AF2C234DA2D}.Debug|x86.Build.0 = Debug|Any CPU
		{40F72C7F-A20A-42EB-9484-2AF2C234DA2D}.Release|Any CPU.ActiveCfg = Release|Any CPU
		{40F72C7F-A20A-42EB-9484-2AF2C234DA2D}.Release|Any CPU.Build.0 = Release|Any CPU
		{40F72C7F-A20A-42EB-9484-2AF2C234DA2D}.Release|x64.ActiveCfg = Release|Any CPU
		{40F72C7F-A20A-42EB-9484-2AF2C234DA2D}.Release|x64.Build.0 = Release|Any CPU
		{40F72C7F-A20A-42EB-9484-2AF2C234DA2D}.Release|x86.ActiveCfg = Release|Any CPU
		{40F72C7F-A20A-42EB-9484-2AF2C234DA2D}.Release|x86.Build.0 = Release|Any CPU
		{B4623311-937A-43AA-88E2-1EEC32ED261A}.Debug|Any CPU.ActiveCfg = Debug|Any CPU
		{B4623311-937A-43AA-88E2-1EEC32ED261A}.Debug|Any CPU.Build.0 = Debug|Any CPU
		{B4623311-937A-43AA-88E2-1EEC32ED261A}.Debug|x64.ActiveCfg = Debug|Any CPU
		{B4623311-937A-43AA-88E2-1EEC32ED261A}.Debug|x64.Build.0 = Debug|Any CPU
		{B4623311-937A-43AA-88E2-1EEC32ED261A}.Debug|x86.ActiveCfg = Debug|Any CPU
		{B4623311-937A-43AA-88E2-1EEC32ED261A}.Debug|x86.Build.0 = Debug|Any CPU
		{B4623311-937A-43AA-88E2-1EEC32ED261A}.Release|Any CPU.ActiveCfg = Release|Any CPU
		{B4623311-937A-43AA-88E2-1EEC32ED261A}.Release|Any CPU.Build.0 = Release|Any CPU
		{B4623311-937A-43AA-88E2-1EEC32ED261A}.Release|x64.ActiveCfg = Release|Any CPU
		{B4623311-937A-43AA-88E2-1EEC32ED261A}.Release|x64.Build.0 = Release|Any CPU
		{B4623311-937A-43AA-88E2-1EEC32ED261A}.Release|x86.ActiveCfg = Release|Any CPU
		{B4623311-937A-43AA-88E2-1EEC32ED261A}.Release|x86.Build.0 = Release|Any CPU
		{CD6D5EBF-7141-4EE9-9772-C122A8CE966F}.Debug|Any CPU.ActiveCfg = Debug|Any CPU
		{CD6D5EBF-7141-4EE9-9772-C122A8CE966F}.Debug|Any CPU.Build.0 = Debug|Any CPU
		{CD6D5EBF-7141-4EE9-9772-C122A8CE966F}.Debug|x64.ActiveCfg = Debug|Any CPU
		{CD6D5EBF-7141-4EE9-9772-C122A8CE966F}.Debug|x64.Build.0 = Debug|Any CPU
		{CD6D5EBF-7141-4EE9-9772-C122A8CE966F}.Debug|x86.ActiveCfg = Debug|Any CPU
		{CD6D5EBF-7141-4EE9-9772-C122A8CE966F}.Debug|x86.Build.0 = Debug|Any CPU
		{CD6D5EBF-7141-4EE9-9772-C122A8CE966F}.Release|Any CPU.ActiveCfg = Release|Any CPU
		{CD6D5EBF-7141-4EE9-9772-C122A8CE966F}.Release|Any CPU.Build.0 = Release|Any CPU
		{CD6D5EBF-7141-4EE9-9772-C122A8CE966F}.Release|x64.ActiveCfg = Release|Any CPU
		{CD6D5EBF-7141-4EE9-9772-C122A8CE966F}.Release|x64.Build.0 = Release|Any CPU
		{CD6D5EBF-7141-4EE9-9772-C122A8CE966F}.Release|x86.ActiveCfg = Release|Any CPU
		{CD6D5EBF-7141-4EE9-9772-C122A8CE966F}.Release|x86.Build.0 = Release|Any CPU
	EndGlobalSection
	GlobalSection(SolutionProperties) = preSolution
		HideSolutionNode = FALSE
	EndGlobalSection
	GlobalSection(NestedProjects) = preSolution
		{8D626EA8-CB54-BC41-363A-217881BEBA6E} = {827E0CD3-B72D-47B6-A68D-7590B98EB39B}
		{C2B71955-0112-4EE4-AEBC-55CEBDCDAA94} = {8D626EA8-CB54-BC41-363A-217881BEBA6E}
		{810398BA-2A25-4503-8287-34B4BC53D794} = {8D626EA8-CB54-BC41-363A-217881BEBA6E}
		{02904053-A833-4D76-BE1A-A7C722C4A1AD} = {827E0CD3-B72D-47B6-A68D-7590B98EB39B}
		{40F72C7F-A20A-42EB-9484-2AF2C234DA2D} = {827E0CD3-B72D-47B6-A68D-7590B98EB39B}
		{B4623311-937A-43AA-88E2-1EEC32ED261A} = {827E0CD3-B72D-47B6-A68D-7590B98EB39B}
		{CD6D5EBF-7141-4EE9-9772-C122A8CE966F} = {0AB3BF05-4346-4AA6-1389-037BE0695223}
	EndGlobalSection
	GlobalSection(ExtensibilityGlobals) = postSolution
		SolutionGuid = {42D0F6A7-62E8-4338-A95B-AE6BDB20313C}
	EndGlobalSection
EndGlobal
